
Microsoft Visual Studio Solution File, Format Version 12.00
# Visual Studio 2013
VisualStudioVersion = 12.0.21005.1
MinimumVisualStudioVersion = 10.0.40219.1
Project("{FAE04EC0-301F-11D3-BF4B-00C04F79EFBC}") = "MVCApp", "MVCApp\MVCApp.csproj", "{0ECBBEE4-EABE-4258-BFC2-A4FB6C070ED7}"
EndProject
Project("{FAE04EC0-301F-11D3-BF4B-00C04F79EFBC}") = "BusinessEntities", "BusinessEntities\BusinessEntities.csproj", "{7A46AFEE-2A6A-4C85-BE89-098B695CABA3}"
EndProject
Project("{FAE04EC0-301F-11D3-BF4B-00C04F79EFBC}") = "Repository", "Repository\Repository.csproj", "{FBB58618-49CE-4C5A-A7D7-D357FB376B85}"
EndProject
Global
	GlobalSection(SolutionConfigurationPlatforms) = preSolution
		Debug|Any CPU = Debug|Any CPU
		Release|Any CPU = Release|Any CPU
	EndGlobalSection
	GlobalSection(ProjectConfigurationPlatforms) = postSolution
		{0ECBBEE4-EABE-4258-BFC2-A4FB6C070ED7}.Debug|Any CPU.ActiveCfg = Debug|Any CPU
		{0ECBBEE4-EABE-4258-BFC2-A4FB6C070ED7}.Debug|Any CPU.Build.0 = Debug|Any CPU
		{0ECBBEE4-EABE-4258-BFC2-A4FB6C070ED7}.Release|Any CPU.ActiveCfg = Release|Any CPU
		{0ECBBEE4-EABE-4258-BFC2-A4FB6C070ED7}.Release|Any CPU.Build.0 = Release|Any CPU
		{7A46AFEE-2A6A-4C85-BE89-098B695CABA3}.Debug|Any CPU.ActiveCfg = Debug|Any CPU
		{7A46AFEE-2A6A-4C85-BE89-098B695CABA3}.Debug|Any CPU.Build.0 = Debug|Any CPU
		{7A46AFEE-2A6A-4C85-BE89-098B695CABA3}.Release|Any CPU.ActiveCfg = Release|Any CPU
		{7A46AFEE-2A6A-4C85-BE89-098B695CABA3}.Release|Any CPU.Build.0 = Release|Any CPU
		{FBB58618-49CE-4C5A-A7D7-D357FB376B85}.Debug|Any CPU.ActiveCfg = Debug|Any CPU
		{FBB58618-49CE-4C5A-A7D7-D357FB376B85}.Debug|Any CPU.Build.0 = Debug|Any CPU
		{FBB58618-49CE-4C5A-A7D7-D357FB376B85}.Release|Any CPU.ActiveCfg = Release|Any CPU
		{FBB58618-49CE-4C5A-A7D7-D357FB376B85}.Release|Any CPU.Build.0 = Release|Any CPU
	EndGlobalSection
	GlobalSection(SolutionProperties) = preSolution
		HideSolutionNode = FALSE
	EndGlobalSection
EndGlobal
